
Microsoft Visual Studio Solution File, Format Version 12.00
# Visual Studio Version 16
VisualStudioVersion = 16.0.30717.126
MinimumVisualStudioVersion = 10.0.40219.1
Project("{FAE04EC0-301F-11D3-BF4B-00C04F79EFBC}") = "SpaceTree", "SpaceTree\SpaceTree.csproj", "{D612C4EE-036D-4845-9E97-9E757850AECB}"
EndProject
Global
	GlobalSection(SolutionConfigurationPlatforms) = preSolution
		Debug|Any CPU = Debug|Any CPU
		Release|Any CPU = Release|Any CPU
	EndGlobalSection
	GlobalSection(ProjectConfigurationPlatforms) = postSolution
		{D612C4EE-036D-4845-9E97-9E757850AECB}.Debug|Any CPU.ActiveCfg = Debug|Any CPU
		{D612C4EE-036D-4845-9E97-9E757850AECB}.Debug|Any CPU.Build.0 = Debug|Any CPU
		{D612C4EE-036D-4845-9E97-9E757850AECB}.Release|Any CPU.ActiveCfg = Release|Any CPU
		{D612C4EE-036D-4845-9E97-9E757850AECB}.Release|Any CPU.Build.0 = Release|Any CPU
	EndGlobalSection
	GlobalSection(SolutionProperties) = preSolution
		HideSolutionNode = FALSE
	EndGlobalSection
	GlobalSection(ExtensibilityGlobals) = postSolution
		SolutionGuid = {864A3689-6E43-4B95-83B3-53CAFD7154C4}
	EndGlobalSection
EndGlobal
